
Microsoft Visual Studio Solution File, Format Version 12.00
# Visual Studio Version 17
VisualStudioVersion = 17.5.002.0
MinimumVisualStudioVersion = 10.0.40219.1
Project("{9A19103F-16F7-4668-BE54-9A1E7A4F7556}") = "API", "API.csproj", "{B743F4E5-9065-4252-851B-D49995E47FF3}"
EndProject
Global
	GlobalSection(SolutionConfigurationPlatforms) = preSolution
		Debug|Any CPU = Debug|Any CPU
		Release|Any CPU = Release|Any CPU
	EndGlobalSection
	GlobalSection(ProjectConfigurationPlatforms) = postSolution
		{B743F4E5-9065-4252-851B-D49995E47FF3}.Debug|Any CPU.ActiveCfg = Debug|Any CPU
		{B743F4E5-9065-4252-851B-D49995E47FF3}.Debug|Any CPU.Build.0 = Debug|Any CPU
		{B743F4E5-9065-4252-851B-D49995E47FF3}.Release|Any CPU.ActiveCfg = Release|Any CPU
		{B743F4E5-9065-4252-851B-D49995E47FF3}.Release|Any CPU.Build.0 = Release|Any CPU
	EndGlobalSection
	GlobalSection(SolutionProperties) = preSolution
		HideSolutionNode = FALSE
	EndGlobalSection
	GlobalSection(ExtensibilityGlobals) = postSolution
		SolutionGuid = {A66768E3-280E-4767-8463-F860D8C6A5E0}
	EndGlobalSection
EndGlobal
